
Microsoft Visual Studio Solution File, Format Version 12.00
# Visual Studio Version 16
VisualStudioVersion = 16.0.30717.126
MinimumVisualStudioVersion = 10.0.40219.1
Project("{9A19103F-16F7-4668-BE54-9A1E7A4F7556}") = "CG", "Studying_app_kg\CG.csproj", "{B424021D-C73F-4CE3-B20D-9DDC1085555A}"
EndProject
Global
	GlobalSection(SolutionConfigurationPlatforms) = preSolution
		Debug|Any CPU = Debug|Any CPU
		Release|Any CPU = Release|Any CPU
	EndGlobalSection
	GlobalSection(ProjectConfigurationPlatforms) = postSolution
		{B424021D-C73F-4CE3-B20D-9DDC1085555A}.Debug|Any CPU.ActiveCfg = Debug|Any CPU
		{B424021D-C73F-4CE3-B20D-9DDC1085555A}.Debug|Any CPU.Build.0 = Debug|Any CPU
		{B424021D-C73F-4CE3-B20D-9DDC1085555A}.Release|Any CPU.ActiveCfg = Release|Any CPU
		{B424021D-C73F-4CE3-B20D-9DDC1085555A}.Release|Any CPU.Build.0 = Release|Any CPU
	EndGlobalSection
	GlobalSection(SolutionProperties) = preSolution
		HideSolutionNode = FALSE
	EndGlobalSection
	GlobalSection(ExtensibilityGlobals) = postSolution
		SolutionGuid = {C834D73D-A190-46AB-86EF-5DCC5A971E81}
	EndGlobalSection
EndGlobal
